
Microsoft Visual Studio Solution File, Format Version 12.00
# Visual Studio 15
VisualStudioVersion = 15.0.28010.2016
MinimumVisualStudioVersion = 10.0.40219.1
Project("{8BC9CEB8-8B4A-11D0-8D11-00A0C91BC942}") = "Расписание автобусов", "Расписание автобусов\Расписание автобусов.vcxproj", "{C739897F-1013-44DD-AC4F-F9037A4486AB}"
EndProject
Global
	GlobalSection(SolutionConfigurationPlatforms) = preSolution
		Debug|x64 = Debug|x64
		Debug|x86 = Debug|x86
		Release|x64 = Release|x64
		Release|x86 = Release|x86
	EndGlobalSection
	GlobalSection(ProjectConfigurationPlatforms) = postSolution
		{C739897F-1013-44DD-AC4F-F9037A4486AB}.Debug|x64.ActiveCfg = Debug|x64
		{C739897F-1013-44DD-AC4F-F9037A4486AB}.Debug|x64.Build.0 = Debug|x64
		{C739897F-1013-44DD-AC4F-F9037A4486AB}.Debug|x86.ActiveCfg = Debug|Win32
		{C739897F-1013-44DD-AC4F-F9037A4486AB}.Debug|x86.Build.0 = Debug|Win32
		{C739897F-1013-44DD-AC4F-F9037A4486AB}.Release|x64.ActiveCfg = Release|x64
		{C739897F-1013-44DD-AC4F-F9037A4486AB}.Release|x64.Build.0 = Release|x64
		{C739897F-1013-44DD-AC4F-F9037A4486AB}.Release|x86.ActiveCfg = Release|Win32
		{C739897F-1013-44DD-AC4F-F9037A4486AB}.Release|x86.Build.0 = Release|Win32
	EndGlobalSection
	GlobalSection(SolutionProperties) = preSolution
		HideSolutionNode = FALSE
	EndGlobalSection
	GlobalSection(ExtensibilityGlobals) = postSolution
		SolutionGuid = {34A0559B-3A54-4574-87B4-8E408707230F}
	EndGlobalSection
EndGlobal
