
Microsoft Visual Studio Solution File, Format Version 12.00
# Visual Studio 15
VisualStudioVersion = 15.0.28010.2016
MinimumVisualStudioVersion = 10.0.40219.1
Project("{8BC9CEB8-8B4A-11D0-8D11-00A0C91BC942}") = "Кирпич", "Кирпич\Кирпич.vcxproj", "{D94DDDFF-D8CC-4AE4-B435-318312A62332}"
EndProject
Global
	GlobalSection(SolutionConfigurationPlatforms) = preSolution
		Debug|x64 = Debug|x64
		Debug|x86 = Debug|x86
		Release|x64 = Release|x64
		Release|x86 = Release|x86
	EndGlobalSection
	GlobalSection(ProjectConfigurationPlatforms) = postSolution
		{D94DDDFF-D8CC-4AE4-B435-318312A62332}.Debug|x64.ActiveCfg = Debug|x64
		{D94DDDFF-D8CC-4AE4-B435-318312A62332}.Debug|x64.Build.0 = Debug|x64
		{D94DDDFF-D8CC-4AE4-B435-318312A62332}.Debug|x86.ActiveCfg = Debug|Win32
		{D94DDDFF-D8CC-4AE4-B435-318312A62332}.Debug|x86.Build.0 = Debug|Win32
		{D94DDDFF-D8CC-4AE4-B435-318312A62332}.Release|x64.ActiveCfg = Release|x64
		{D94DDDFF-D8CC-4AE4-B435-318312A62332}.Release|x64.Build.0 = Release|x64
		{D94DDDFF-D8CC-4AE4-B435-318312A62332}.Release|x86.ActiveCfg = Release|Win32
		{D94DDDFF-D8CC-4AE4-B435-318312A62332}.Release|x86.Build.0 = Release|Win32
	EndGlobalSection
	GlobalSection(SolutionProperties) = preSolution
		HideSolutionNode = FALSE
	EndGlobalSection
	GlobalSection(ExtensibilityGlobals) = postSolution
		SolutionGuid = {FCD46786-CE58-48AF-A800-B8D61C51C9C3}
	EndGlobalSection
EndGlobal
